// !$*UTF8*$!
{
	archiveVersion = 1;
	classes = {
	};
	objectVersion = 56;
	objects = {

/* Begin PBXBuildFile section */
		1557817ADB26524DFF58EDF5 /* Pods_TrackerTests.framework in Frameworks */ = {isa = PBXBuildFile; fileRef = E18C2592C47A83E1183DE59B /* Pods_TrackerTests.framework */; };
		3F4575CFC4F513A864A2CD85 /* Pods_Tracker.framework in Frameworks */ = {isa = PBXBuildFile; fileRef = 2BB21DED13C393A9A3B4C03A /* Pods_Tracker.framework */; };
		8402C9722B4E9C18002F7D10 /* IrregularEventViewController.swift in Sources */ = {isa = PBXBuildFile; fileRef = 8402C9712B4E9C18002F7D10 /* IrregularEventViewController.swift */; };
		8402C9752B555835002F7D10 /* IrregularTableCell.swift in Sources */ = {isa = PBXBuildFile; fileRef = 8402C9742B555835002F7D10 /* IrregularTableCell.swift */; };
		8402C9772B555983002F7D10 /* IrregularCollectionCell.swift in Sources */ = {isa = PBXBuildFile; fileRef = 8402C9762B555983002F7D10 /* IrregularCollectionCell.swift */; };
		8402C9792B555ABB002F7D10 /* IrregularColorCollectionHeaderCell.swift in Sources */ = {isa = PBXBuildFile; fileRef = 8402C9782B555ABB002F7D10 /* IrregularColorCollectionHeaderCell.swift */; };
		8402C97B2B57C20D002F7D10 /* IrregularEmojiCollectionCell.swift in Sources */ = {isa = PBXBuildFile; fileRef = 8402C97A2B57C20D002F7D10 /* IrregularEmojiCollectionCell.swift */; };
		8402C97D2B57E077002F7D10 /* IrregularEmojiCollectionHeaderCell.swift in Sources */ = {isa = PBXBuildFile; fileRef = 8402C97C2B57E077002F7D10 /* IrregularEmojiCollectionHeaderCell.swift */; };
		8402C97F2B5843D5002F7D10 /* HabitCollectionEmojiCell.swift in Sources */ = {isa = PBXBuildFile; fileRef = 8402C97E2B5843D5002F7D10 /* HabitCollectionEmojiCell.swift */; };
		8402C9812B584423002F7D10 /* HabitCollectionEmojiHeaderCell.swift in Sources */ = {isa = PBXBuildFile; fileRef = 8402C9802B584423002F7D10 /* HabitCollectionEmojiHeaderCell.swift */; };
		840C4C8C2B78E633002E4F75 /* UIColorMarshalling.swift in Sources */ = {isa = PBXBuildFile; fileRef = 840C4C8B2B78E633002E4F75 /* UIColorMarshalling.swift */; };
		840C4CCA2B7CC4B7002E4F75 /* TrackerCategoryCoreData+CoreDataProperties.swift in Sources */ = {isa = PBXBuildFile; fileRef = 840C4CC42B7CC4B7002E4F75 /* TrackerCategoryCoreData+CoreDataProperties.swift */; };
		840C4CCC2B7CC4B7002E4F75 /* TrackerRecordCoreData+CoreDataProperties.swift in Sources */ = {isa = PBXBuildFile; fileRef = 840C4CC62B7CC4B7002E4F75 /* TrackerRecordCoreData+CoreDataProperties.swift */; };
		840C4CCE2B7CC4B7002E4F75 /* TrackerCoreData+CoreDataProperties.swift in Sources */ = {isa = PBXBuildFile; fileRef = 840C4CC82B7CC4B7002E4F75 /* TrackerCoreData+CoreDataProperties.swift */; };
		840C4CD42B7F5DE4002E4F75 /* AddCategoryViewController.swift in Sources */ = {isa = PBXBuildFile; fileRef = 840C4CD32B7F5DE4002E4F75 /* AddCategoryViewController.swift */; };
		841CCF7E2B871E5B003A5A98 /* OnboardingViewController.swift in Sources */ = {isa = PBXBuildFile; fileRef = 841CCF7D2B871E5B003A5A98 /* OnboardingViewController.swift */; };
		842DE8892B8CA22A00D5DBBF /* CategoryViewModel.swift in Sources */ = {isa = PBXBuildFile; fileRef = 842DE8882B8CA22A00D5DBBF /* CategoryViewModel.swift */; };
		842DE9082B90FBC300D5DBBF /* Localizable.strings in Resources */ = {isa = PBXBuildFile; fileRef = 842DE90A2B90FBC300D5DBBF /* Localizable.strings */; };
		842DE90F2B91DD4600D5DBBF /* Localizable.stringsdict in Resources */ = {isa = PBXBuildFile; fileRef = 842DE9112B91DD4600D5DBBF /* Localizable.stringsdict */; };
		842DE9142B91EB9900D5DBBF /* WeekDay.swift in Sources */ = {isa = PBXBuildFile; fileRef = 842DE9132B91EB9900D5DBBF /* WeekDay.swift */; };
		846812372B2B224C00E52E53 /* TrackerCell.swift in Sources */ = {isa = PBXBuildFile; fileRef = 846812362B2B224C00E52E53 /* TrackerCell.swift */; };
		8468123A2B2CD59400E52E53 /* TrackerHeaderCell.swift in Sources */ = {isa = PBXBuildFile; fileRef = 846812392B2CD59400E52E53 /* TrackerHeaderCell.swift */; };
		846812402B3189B500E52E53 /* HabitCreateViewController.swift in Sources */ = {isa = PBXBuildFile; fileRef = 8468123F2B3189B500E52E53 /* HabitCreateViewController.swift */; };
		846812452B31A18E00E52E53 /* HabitTableCell.swift in Sources */ = {isa = PBXBuildFile; fileRef = 846812442B31A18E00E52E53 /* HabitTableCell.swift */; };
		846812482B32DCB600E52E53 /* ScheduleViewController.swift in Sources */ = {isa = PBXBuildFile; fileRef = 846812472B32DCB600E52E53 /* ScheduleViewController.swift */; };
		8468124A2B32DE5900E52E53 /* ScheduleCell.swift in Sources */ = {isa = PBXBuildFile; fileRef = 846812492B32DE5900E52E53 /* ScheduleCell.swift */; };
		8468127F2B3EAE0400E52E53 /* CategoryViewController.swift in Sources */ = {isa = PBXBuildFile; fileRef = 8468127E2B3EAE0300E52E53 /* CategoryViewController.swift */; };
		846812812B3EAE2300E52E53 /* CategoryCell.swift in Sources */ = {isa = PBXBuildFile; fileRef = 846812802B3EAE2300E52E53 /* CategoryCell.swift */; };
		846812832B445F1600E52E53 /* HabitCollectionColorCell.swift in Sources */ = {isa = PBXBuildFile; fileRef = 846812822B445F1600E52E53 /* HabitCollectionColorCell.swift */; };
		846812852B44630800E52E53 /* HabitCollectionHeaderCell.swift in Sources */ = {isa = PBXBuildFile; fileRef = 846812842B44630800E52E53 /* HabitCollectionHeaderCell.swift */; };
		84ABD0CE2B617C5B005724D7 /* TrackerStore.swift in Sources */ = {isa = PBXBuildFile; fileRef = 84ABD0CD2B617C5B005724D7 /* TrackerStore.swift */; };
		84ABD0D02B617C69005724D7 /* TrackerCategoryStore.swift in Sources */ = {isa = PBXBuildFile; fileRef = 84ABD0CF2B617C69005724D7 /* TrackerCategoryStore.swift */; };
		84ABD0D22B617C74005724D7 /* TrackerRecordStore.swift in Sources */ = {isa = PBXBuildFile; fileRef = 84ABD0D12B617C74005724D7 /* TrackerRecordStore.swift */; };
		84B567722B9DD5D800DD71E9 /* AnaliticService.swift in Sources */ = {isa = PBXBuildFile; fileRef = 84B567712B9DD5D800DD71E9 /* AnaliticService.swift */; };
		84B7BF5F2B1620F80085E8EF /* AppDelegate.swift in Sources */ = {isa = PBXBuildFile; fileRef = 84B7BF5E2B1620F80085E8EF /* AppDelegate.swift */; };
		84B7BF612B1620F80085E8EF /* SceneDelegate.swift in Sources */ = {isa = PBXBuildFile; fileRef = 84B7BF602B1620F80085E8EF /* SceneDelegate.swift */; };
		84B7BF632B1620F80085E8EF /* StatisticViewController.swift in Sources */ = {isa = PBXBuildFile; fileRef = 84B7BF622B1620F80085E8EF /* StatisticViewController.swift */; };
		84B7BF682B1620FA0085E8EF /* Assets.xcassets in Resources */ = {isa = PBXBuildFile; fileRef = 84B7BF672B1620FA0085E8EF /* Assets.xcassets */; };
		84B7BF6B2B1620FA0085E8EF /* LaunchScreen.storyboard in Resources */ = {isa = PBXBuildFile; fileRef = 84B7BF692B1620FA0085E8EF /* LaunchScreen.storyboard */; };
		84B7BF732B16212C0085E8EF /* TrackerViewController.swift in Sources */ = {isa = PBXBuildFile; fileRef = 84B7BF722B16212C0085E8EF /* TrackerViewController.swift */; };
		84B7BF752B1621630085E8EF /* TabBarController.swift in Sources */ = {isa = PBXBuildFile; fileRef = 84B7BF742B1621630085E8EF /* TabBarController.swift */; };
		84B7BF772B16219A0085E8EF /* UicolorExtension.swift in Sources */ = {isa = PBXBuildFile; fileRef = 84B7BF762B16219A0085E8EF /* UicolorExtension.swift */; };
		84B7C0032B18B0920085E8EF /* Tracker.swift in Sources */ = {isa = PBXBuildFile; fileRef = 84B7C0022B18B0920085E8EF /* Tracker.swift */; };
		84B7C0052B18B0C50085E8EF /* TrackerCategory.swift in Sources */ = {isa = PBXBuildFile; fileRef = 84B7C0042B18B0C50085E8EF /* TrackerCategory.swift */; };
		84B7C0072B18B0CF0085E8EF /* TrackerRecord.swift in Sources */ = {isa = PBXBuildFile; fileRef = 84B7C0062B18B0CF0085E8EF /* TrackerRecord.swift */; };
		84BF06A82B278DAE00C235CD /* SelectTrackerTypeController.swift in Sources */ = {isa = PBXBuildFile; fileRef = 84BF06A72B278DAE00C235CD /* SelectTrackerTypeController.swift */; };
		84D58AE02B5D8864001FD0E2 /* TrackerDataModel.xcdatamodeld in Sources */ = {isa = PBXBuildFile; fileRef = 84D58ADE2B5D8864001FD0E2 /* TrackerDataModel.xcdatamodeld */; };
		84ECE5B52B98F42200399667 /* FiltersViewController.swift in Sources */ = {isa = PBXBuildFile; fileRef = 84ECE5B42B98F42200399667 /* FiltersViewController.swift */; };
		84ECE5B82B98F4C100399667 /* FiltersTableViewCell.swift in Sources */ = {isa = PBXBuildFile; fileRef = 84ECE5B72B98F4C100399667 /* FiltersTableViewCell.swift */; };
		84ECE5BA2B9A2DA100399667 /* Colors.swift in Sources */ = {isa = PBXBuildFile; fileRef = 84ECE5B92B9A2DA000399667 /* Colors.swift */; };
		84ECE5E32B9B65F500399667 /* TrackerTests.swift in Sources */ = {isa = PBXBuildFile; fileRef = 84ECE5E22B9B65F500399667 /* TrackerTests.swift */; };
		84ECE5EA2B9B65FA00399667 /* SnapshotTesting in Frameworks */ = {isa = PBXBuildFile; productRef = 84ECE5E92B9B65FA00399667 /* SnapshotTesting */; };
/* End PBXBuildFile section */

/* Begin PBXContainerItemProxy section */
		84ECE5E42B9B65F500399667 /* PBXContainerItemProxy */ = {
			isa = PBXContainerItemProxy;
			containerPortal = 84B7BF532B1620F80085E8EF /* Project object */;
			proxyType = 1;
			remoteGlobalIDString = 84B7BF5A2B1620F80085E8EF;
			remoteInfo = Tracker;
		};
/* End PBXContainerItemProxy section */

/* Begin PBXFileReference section */
		18FCC9D9D53A0CB9E2AD54D3 /* Pods-TrackerTests.release.xcconfig */ = {isa = PBXFileReference; includeInIndex = 1; lastKnownFileType = text.xcconfig; name = "Pods-TrackerTests.release.xcconfig"; path = "Target Support Files/Pods-TrackerTests/Pods-TrackerTests.release.xcconfig"; sourceTree = "<group>"; };
		2BB21DED13C393A9A3B4C03A /* Pods_Tracker.framework */ = {isa = PBXFileReference; explicitFileType = wrapper.framework; includeInIndex = 0; path = Pods_Tracker.framework; sourceTree = BUILT_PRODUCTS_DIR; };
		8402C9712B4E9C18002F7D10 /* IrregularEventViewController.swift */ = {isa = PBXFileReference; lastKnownFileType = sourcecode.swift; path = IrregularEventViewController.swift; sourceTree = "<group>"; };
		8402C9742B555835002F7D10 /* IrregularTableCell.swift */ = {isa = PBXFileReference; lastKnownFileType = sourcecode.swift; path = IrregularTableCell.swift; sourceTree = "<group>"; };
		8402C9762B555983002F7D10 /* IrregularCollectionCell.swift */ = {isa = PBXFileReference; lastKnownFileType = sourcecode.swift; path = IrregularCollectionCell.swift; sourceTree = "<group>"; };
		8402C9782B555ABB002F7D10 /* IrregularColorCollectionHeaderCell.swift */ = {isa = PBXFileReference; lastKnownFileType = sourcecode.swift; path = IrregularColorCollectionHeaderCell.swift; sourceTree = "<group>"; };
		8402C97A2B57C20D002F7D10 /* IrregularEmojiCollectionCell.swift */ = {isa = PBXFileReference; lastKnownFileType = sourcecode.swift; path = IrregularEmojiCollectionCell.swift; sourceTree = "<group>"; };
		8402C97C2B57E077002F7D10 /* IrregularEmojiCollectionHeaderCell.swift */ = {isa = PBXFileReference; lastKnownFileType = sourcecode.swift; path = IrregularEmojiCollectionHeaderCell.swift; sourceTree = "<group>"; };
		8402C97E2B5843D5002F7D10 /* HabitCollectionEmojiCell.swift */ = {isa = PBXFileReference; lastKnownFileType = sourcecode.swift; path = HabitCollectionEmojiCell.swift; sourceTree = "<group>"; };
		8402C9802B584423002F7D10 /* HabitCollectionEmojiHeaderCell.swift */ = {isa = PBXFileReference; lastKnownFileType = sourcecode.swift; path = HabitCollectionEmojiHeaderCell.swift; sourceTree = "<group>"; };
		840C4C8B2B78E633002E4F75 /* UIColorMarshalling.swift */ = {isa = PBXFileReference; lastKnownFileType = sourcecode.swift; path = UIColorMarshalling.swift; sourceTree = "<group>"; };
		840C4CC42B7CC4B7002E4F75 /* TrackerCategoryCoreData+CoreDataProperties.swift */ = {isa = PBXFileReference; lastKnownFileType = sourcecode.swift; path = "TrackerCategoryCoreData+CoreDataProperties.swift"; sourceTree = "<group>"; };
		840C4CC62B7CC4B7002E4F75 /* TrackerRecordCoreData+CoreDataProperties.swift */ = {isa = PBXFileReference; lastKnownFileType = sourcecode.swift; path = "TrackerRecordCoreData+CoreDataProperties.swift"; sourceTree = "<group>"; };
		840C4CC82B7CC4B7002E4F75 /* TrackerCoreData+CoreDataProperties.swift */ = {isa = PBXFileReference; lastKnownFileType = sourcecode.swift; path = "TrackerCoreData+CoreDataProperties.swift"; sourceTree = "<group>"; };
		840C4CD32B7F5DE4002E4F75 /* AddCategoryViewController.swift */ = {isa = PBXFileReference; lastKnownFileType = sourcecode.swift; path = AddCategoryViewController.swift; sourceTree = "<group>"; };
		841CCF7D2B871E5B003A5A98 /* OnboardingViewController.swift */ = {isa = PBXFileReference; lastKnownFileType = sourcecode.swift; path = OnboardingViewController.swift; sourceTree = "<group>"; };
		842DE8882B8CA22A00D5DBBF /* CategoryViewModel.swift */ = {isa = PBXFileReference; lastKnownFileType = sourcecode.swift; path = CategoryViewModel.swift; sourceTree = "<group>"; };
		842DE9092B90FBC300D5DBBF /* en */ = {isa = PBXFileReference; lastKnownFileType = text.plist.strings; name = en; path = en.lproj/Localizable.strings; sourceTree = "<group>"; };
		842DE90B2B90FBD700D5DBBF /* ru */ = {isa = PBXFileReference; lastKnownFileType = text.plist.strings; name = ru; path = ru.lproj/Localizable.strings; sourceTree = "<group>"; };
		842DE90C2B90FBE600D5DBBF /* de */ = {isa = PBXFileReference; lastKnownFileType = text.plist.strings; name = de; path = de.lproj/Localizable.strings; sourceTree = "<group>"; };
		842DE9102B91DD4600D5DBBF /* en */ = {isa = PBXFileReference; lastKnownFileType = text.plist.stringsdict; name = en; path = en.lproj/Localizable.stringsdict; sourceTree = "<group>"; };
		842DE9122B91DD4700D5DBBF /* ru */ = {isa = PBXFileReference; lastKnownFileType = text.plist.stringsdict; name = ru; path = ru.lproj/Localizable.stringsdict; sourceTree = "<group>"; };
		842DE9132B91EB9900D5DBBF /* WeekDay.swift */ = {isa = PBXFileReference; lastKnownFileType = sourcecode.swift; path = WeekDay.swift; sourceTree = "<group>"; };
		846812362B2B224C00E52E53 /* TrackerCell.swift */ = {isa = PBXFileReference; lastKnownFileType = sourcecode.swift; path = TrackerCell.swift; sourceTree = "<group>"; };
		846812392B2CD59400E52E53 /* TrackerHeaderCell.swift */ = {isa = PBXFileReference; lastKnownFileType = sourcecode.swift; path = TrackerHeaderCell.swift; sourceTree = "<group>"; };
		8468123F2B3189B500E52E53 /* HabitCreateViewController.swift */ = {isa = PBXFileReference; lastKnownFileType = sourcecode.swift; path = HabitCreateViewController.swift; sourceTree = "<group>"; };
		846812442B31A18E00E52E53 /* HabitTableCell.swift */ = {isa = PBXFileReference; lastKnownFileType = sourcecode.swift; path = HabitTableCell.swift; sourceTree = "<group>"; };
		846812472B32DCB600E52E53 /* ScheduleViewController.swift */ = {isa = PBXFileReference; lastKnownFileType = sourcecode.swift; path = ScheduleViewController.swift; sourceTree = "<group>"; };
		846812492B32DE5900E52E53 /* ScheduleCell.swift */ = {isa = PBXFileReference; lastKnownFileType = sourcecode.swift; path = ScheduleCell.swift; sourceTree = "<group>"; };
		8468127E2B3EAE0300E52E53 /* CategoryViewController.swift */ = {isa = PBXFileReference; lastKnownFileType = sourcecode.swift; path = CategoryViewController.swift; sourceTree = "<group>"; };
		846812802B3EAE2300E52E53 /* CategoryCell.swift */ = {isa = PBXFileReference; lastKnownFileType = sourcecode.swift; path = CategoryCell.swift; sourceTree = "<group>"; };
		846812822B445F1600E52E53 /* HabitCollectionColorCell.swift */ = {isa = PBXFileReference; lastKnownFileType = sourcecode.swift; path = HabitCollectionColorCell.swift; sourceTree = "<group>"; };
		846812842B44630800E52E53 /* HabitCollectionHeaderCell.swift */ = {isa = PBXFileReference; lastKnownFileType = sourcecode.swift; path = HabitCollectionHeaderCell.swift; sourceTree = "<group>"; };
		84ABD0CD2B617C5B005724D7 /* TrackerStore.swift */ = {isa = PBXFileReference; lastKnownFileType = sourcecode.swift; path = TrackerStore.swift; sourceTree = "<group>"; };
		84ABD0CF2B617C69005724D7 /* TrackerCategoryStore.swift */ = {isa = PBXFileReference; lastKnownFileType = sourcecode.swift; path = TrackerCategoryStore.swift; sourceTree = "<group>"; };
		84ABD0D12B617C74005724D7 /* TrackerRecordStore.swift */ = {isa = PBXFileReference; lastKnownFileType = sourcecode.swift; path = TrackerRecordStore.swift; sourceTree = "<group>"; };
		84B567712B9DD5D800DD71E9 /* AnaliticService.swift */ = {isa = PBXFileReference; lastKnownFileType = sourcecode.swift; path = AnaliticService.swift; sourceTree = "<group>"; };
		84B7BF5B2B1620F80085E8EF /* Tracker.app */ = {isa = PBXFileReference; explicitFileType = wrapper.application; includeInIndex = 0; path = Tracker.app; sourceTree = BUILT_PRODUCTS_DIR; };
		84B7BF5E2B1620F80085E8EF /* AppDelegate.swift */ = {isa = PBXFileReference; lastKnownFileType = sourcecode.swift; path = AppDelegate.swift; sourceTree = "<group>"; };
		84B7BF602B1620F80085E8EF /* SceneDelegate.swift */ = {isa = PBXFileReference; lastKnownFileType = sourcecode.swift; path = SceneDelegate.swift; sourceTree = "<group>"; };
		84B7BF622B1620F80085E8EF /* StatisticViewController.swift */ = {isa = PBXFileReference; lastKnownFileType = sourcecode.swift; path = StatisticViewController.swift; sourceTree = "<group>"; };
		84B7BF672B1620FA0085E8EF /* Assets.xcassets */ = {isa = PBXFileReference; lastKnownFileType = folder.assetcatalog; path = Assets.xcassets; sourceTree = "<group>"; };
		84B7BF6A2B1620FA0085E8EF /* Base */ = {isa = PBXFileReference; lastKnownFileType = file.storyboard; name = Base; path = Base.lproj/LaunchScreen.storyboard; sourceTree = "<group>"; };
		84B7BF6C2B1620FA0085E8EF /* Info.plist */ = {isa = PBXFileReference; lastKnownFileType = text.plist.xml; path = Info.plist; sourceTree = "<group>"; };
		84B7BF722B16212C0085E8EF /* TrackerViewController.swift */ = {isa = PBXFileReference; lastKnownFileType = sourcecode.swift; path = TrackerViewController.swift; sourceTree = "<group>"; };
		84B7BF742B1621630085E8EF /* TabBarController.swift */ = {isa = PBXFileReference; lastKnownFileType = sourcecode.swift; path = TabBarController.swift; sourceTree = "<group>"; };
		84B7BF762B16219A0085E8EF /* UicolorExtension.swift */ = {isa = PBXFileReference; lastKnownFileType = sourcecode.swift; path = UicolorExtension.swift; sourceTree = "<group>"; };
		84B7C0022B18B0920085E8EF /* Tracker.swift */ = {isa = PBXFileReference; lastKnownFileType = sourcecode.swift; path = Tracker.swift; sourceTree = "<group>"; };
		84B7C0042B18B0C50085E8EF /* TrackerCategory.swift */ = {isa = PBXFileReference; lastKnownFileType = sourcecode.swift; path = TrackerCategory.swift; sourceTree = "<group>"; };
		84B7C0062B18B0CF0085E8EF /* TrackerRecord.swift */ = {isa = PBXFileReference; lastKnownFileType = sourcecode.swift; path = TrackerRecord.swift; sourceTree = "<group>"; };
		84BF06A72B278DAE00C235CD /* SelectTrackerTypeController.swift */ = {isa = PBXFileReference; lastKnownFileType = sourcecode.swift; path = SelectTrackerTypeController.swift; sourceTree = "<group>"; };
		84D58ADF2B5D8864001FD0E2 /* TrackerDataModel.xcdatamodel */ = {isa = PBXFileReference; lastKnownFileType = wrapper.xcdatamodel; path = TrackerDataModel.xcdatamodel; sourceTree = "<group>"; };
		84ECE5B42B98F42200399667 /* FiltersViewController.swift */ = {isa = PBXFileReference; lastKnownFileType = sourcecode.swift; path = FiltersViewController.swift; sourceTree = "<group>"; };
		84ECE5B72B98F4C100399667 /* FiltersTableViewCell.swift */ = {isa = PBXFileReference; lastKnownFileType = sourcecode.swift; path = FiltersTableViewCell.swift; sourceTree = "<group>"; };
		84ECE5B92B9A2DA000399667 /* Colors.swift */ = {isa = PBXFileReference; lastKnownFileType = sourcecode.swift; path = Colors.swift; sourceTree = "<group>"; };
		84ECE5D02B9B5FEF00399667 /* XCTest.framework */ = {isa = PBXFileReference; lastKnownFileType = wrapper.framework; name = XCTest.framework; path = Platforms/iPhoneOS.platform/Developer/Library/Frameworks/XCTest.framework; sourceTree = DEVELOPER_DIR; };
		84ECE5E02B9B65F500399667 /* TrackerTests.xctest */ = {isa = PBXFileReference; explicitFileType = wrapper.cfbundle; includeInIndex = 0; path = TrackerTests.xctest; sourceTree = BUILT_PRODUCTS_DIR; };
		84ECE5E22B9B65F500399667 /* TrackerTests.swift */ = {isa = PBXFileReference; lastKnownFileType = sourcecode.swift; path = TrackerTests.swift; sourceTree = "<group>"; };
		975BB226B8B0F8BE4B3FAD86 /* Pods-TrackerTests.debug.xcconfig */ = {isa = PBXFileReference; includeInIndex = 1; lastKnownFileType = text.xcconfig; name = "Pods-TrackerTests.debug.xcconfig"; path = "Target Support Files/Pods-TrackerTests/Pods-TrackerTests.debug.xcconfig"; sourceTree = "<group>"; };
		99D00904E0884A7A0DF6DBE9 /* Pods-Tracker.release.xcconfig */ = {isa = PBXFileReference; includeInIndex = 1; lastKnownFileType = text.xcconfig; name = "Pods-Tracker.release.xcconfig"; path = "Target Support Files/Pods-Tracker/Pods-Tracker.release.xcconfig"; sourceTree = "<group>"; };
		E18C2592C47A83E1183DE59B /* Pods_TrackerTests.framework */ = {isa = PBXFileReference; explicitFileType = wrapper.framework; includeInIndex = 0; path = Pods_TrackerTests.framework; sourceTree = BUILT_PRODUCTS_DIR; };
		EDDB71EC5CE2105B8C340B0B /* Pods-Tracker.debug.xcconfig */ = {isa = PBXFileReference; includeInIndex = 1; lastKnownFileType = text.xcconfig; name = "Pods-Tracker.debug.xcconfig"; path = "Target Support Files/Pods-Tracker/Pods-Tracker.debug.xcconfig"; sourceTree = "<group>"; };
/* End PBXFileReference section */

/* Begin PBXFrameworksBuildPhase section */
		84B7BF582B1620F80085E8EF /* Frameworks */ = {
			isa = PBXFrameworksBuildPhase;
			buildActionMask = 2147483647;
			files = (
				3F4575CFC4F513A864A2CD85 /* Pods_Tracker.framework in Frameworks */,
			);
			runOnlyForDeploymentPostprocessing = 0;
		};
		84ECE5DD2B9B65F500399667 /* Frameworks */ = {
			isa = PBXFrameworksBuildPhase;
			buildActionMask = 2147483647;
			files = (
				84ECE5EA2B9B65FA00399667 /* SnapshotTesting in Frameworks */,
				1557817ADB26524DFF58EDF5 /* Pods_TrackerTests.framework in Frameworks */,
			);
			runOnlyForDeploymentPostprocessing = 0;
		};
/* End PBXFrameworksBuildPhase section */

/* Begin PBXGroup section */
		8402C9732B4E9C23002F7D10 /* Irregular */ = {
			isa = PBXGroup;
			children = (
				8402C9712B4E9C18002F7D10 /* IrregularEventViewController.swift */,
				8402C9742B555835002F7D10 /* IrregularTableCell.swift */,
				8402C9762B555983002F7D10 /* IrregularCollectionCell.swift */,
				8402C97A2B57C20D002F7D10 /* IrregularEmojiCollectionCell.swift */,
				8402C9782B555ABB002F7D10 /* IrregularColorCollectionHeaderCell.swift */,
				8402C97C2B57E077002F7D10 /* IrregularEmojiCollectionHeaderCell.swift */,
			);
			path = Irregular;
			sourceTree = "<group>";
		};
		841CCF7C2B871E43003A5A98 /* Onboarding */ = {
			isa = PBXGroup;
			children = (
				841CCF7D2B871E5B003A5A98 /* OnboardingViewController.swift */,
			);
			path = Onboarding;
			sourceTree = "<group>";
		};
		842DE9062B90FB8A00D5DBBF /* Resources */ = {
			isa = PBXGroup;
			children = (
				842DE9072B90FB9800D5DBBF /* Localize */,
			);
			path = Resources;
			sourceTree = "<group>";
		};
		842DE9072B90FB9800D5DBBF /* Localize */ = {
			isa = PBXGroup;
			children = (
				842DE9112B91DD4600D5DBBF /* Localizable.stringsdict */,
				842DE90A2B90FBC300D5DBBF /* Localizable.strings */,
			);
			path = Localize;
			sourceTree = "<group>";
		};
		846812412B31901900E52E53 /* App */ = {
			isa = PBXGroup;
			children = (
				84B7BF5E2B1620F80085E8EF /* AppDelegate.swift */,
				84B7BF602B1620F80085E8EF /* SceneDelegate.swift */,
			);
			path = App;
			sourceTree = "<group>";
		};
		846812422B31903D00E52E53 /* Statistic */ = {
			isa = PBXGroup;
			children = (
				84B7BF622B1620F80085E8EF /* StatisticViewController.swift */,
			);
			path = Statistic;
			sourceTree = "<group>";
		};
		846812432B31A16700E52E53 /* Habit */ = {
			isa = PBXGroup;
			children = (
				8468123F2B3189B500E52E53 /* HabitCreateViewController.swift */,
				846812442B31A18E00E52E53 /* HabitTableCell.swift */,
				846812822B445F1600E52E53 /* HabitCollectionColorCell.swift */,
				8402C97E2B5843D5002F7D10 /* HabitCollectionEmojiCell.swift */,
				846812842B44630800E52E53 /* HabitCollectionHeaderCell.swift */,
				8402C9802B584423002F7D10 /* HabitCollectionEmojiHeaderCell.swift */,
			);
			path = Habit;
			sourceTree = "<group>";
		};
		846812462B32DC8F00E52E53 /* Schedule */ = {
			isa = PBXGroup;
			children = (
				846812472B32DCB600E52E53 /* ScheduleViewController.swift */,
				846812492B32DE5900E52E53 /* ScheduleCell.swift */,
				842DE9132B91EB9900D5DBBF /* WeekDay.swift */,
			);
			path = Schedule;
			sourceTree = "<group>";
		};
		8468127D2B3EADD600E52E53 /* Category */ = {
			isa = PBXGroup;
			children = (
				842DE8882B8CA22A00D5DBBF /* CategoryViewModel.swift */,
				8468127E2B3EAE0300E52E53 /* CategoryViewController.swift */,
				840C4CD32B7F5DE4002E4F75 /* AddCategoryViewController.swift */,
				846812802B3EAE2300E52E53 /* CategoryCell.swift */,
			);
			path = Category;
			sourceTree = "<group>";
		};
		84ABD0CC2B617C38005724D7 /* CoreData */ = {
			isa = PBXGroup;
			children = (
				840C4CC42B7CC4B7002E4F75 /* TrackerCategoryCoreData+CoreDataProperties.swift */,
				840C4CC62B7CC4B7002E4F75 /* TrackerRecordCoreData+CoreDataProperties.swift */,
				840C4CC82B7CC4B7002E4F75 /* TrackerCoreData+CoreDataProperties.swift */,
				84ABD0CD2B617C5B005724D7 /* TrackerStore.swift */,
				84ABD0CF2B617C69005724D7 /* TrackerCategoryStore.swift */,
				84ABD0D12B617C74005724D7 /* TrackerRecordStore.swift */,
				840C4C8B2B78E633002E4F75 /* UIColorMarshalling.swift */,
			);
			path = CoreData;
			sourceTree = "<group>";
		};
		84B567732B9DD5DC00DD71E9 /* Analitic */ = {
			isa = PBXGroup;
			children = (
				84B567712B9DD5D800DD71E9 /* AnaliticService.swift */,
			);
			path = Analitic;
			sourceTree = "<group>";
		};
		84B7BF522B1620F80085E8EF = {
			isa = PBXGroup;
			children = (
				84B7BF5D2B1620F80085E8EF /* Tracker */,
				84ECE5E12B9B65F500399667 /* TrackerTests */,
				84B7BF5C2B1620F80085E8EF /* Products */,
				84ECE5CD2B9B5E5B00399667 /* Frameworks */,
				9F15367405A8E0483D1D651D /* Pods */,
			);
			sourceTree = "<group>";
		};
		84B7BF5C2B1620F80085E8EF /* Products */ = {
			isa = PBXGroup;
			children = (
				84B7BF5B2B1620F80085E8EF /* Tracker.app */,
				84ECE5E02B9B65F500399667 /* TrackerTests.xctest */,
			);
			name = Products;
			sourceTree = "<group>";
		};
		84B7BF5D2B1620F80085E8EF /* Tracker */ = {
			isa = PBXGroup;
			children = (
				841CCF7C2B871E43003A5A98 /* Onboarding */,
				846812412B31901900E52E53 /* App */,
				84ABD0CC2B617C38005724D7 /* CoreData */,
				84B7C0012B18B0790085E8EF /* Model */,
				84B7BFFE2B18B0430085E8EF /* Trackers */,
				84ECE5B62B98F42900399667 /* Filters */,
				846812432B31A16700E52E53 /* Habit */,
				8402C9732B4E9C23002F7D10 /* Irregular */,
				846812462B32DC8F00E52E53 /* Schedule */,
				8468127D2B3EADD600E52E53 /* Category */,
				84B7C0002B18B0660085E8EF /* Tab Bar */,
				846812422B31903D00E52E53 /* Statistic */,
				84B7BFFF2B18B05C0085E8EF /* Helpers */,
				84B7BF672B1620FA0085E8EF /* Assets.xcassets */,
				84B7BF692B1620FA0085E8EF /* LaunchScreen.storyboard */,
				842DE9062B90FB8A00D5DBBF /* Resources */,
				84D58ADE2B5D8864001FD0E2 /* TrackerDataModel.xcdatamodeld */,
				84B7BF6C2B1620FA0085E8EF /* Info.plist */,
				84B567732B9DD5DC00DD71E9 /* Analitic */,
			);
			path = Tracker;
			sourceTree = "<group>";
		};
		84B7BFFE2B18B0430085E8EF /* Trackers */ = {
			isa = PBXGroup;
			children = (
				84B7BF722B16212C0085E8EF /* TrackerViewController.swift */,
				84BF06A72B278DAE00C235CD /* SelectTrackerTypeController.swift */,
				846812362B2B224C00E52E53 /* TrackerCell.swift */,
				846812392B2CD59400E52E53 /* TrackerHeaderCell.swift */,
			);
			path = Trackers;
			sourceTree = "<group>";
		};
		84B7BFFF2B18B05C0085E8EF /* Helpers */ = {
			isa = PBXGroup;
			children = (
				84B7BF762B16219A0085E8EF /* UicolorExtension.swift */,
				84ECE5B92B9A2DA000399667 /* Colors.swift */,
			);
			path = Helpers;
			sourceTree = "<group>";
		};
		84B7C0002B18B0660085E8EF /* Tab Bar */ = {
			isa = PBXGroup;
			children = (
				84B7BF742B1621630085E8EF /* TabBarController.swift */,
			);
			path = "Tab Bar";
			sourceTree = "<group>";
		};
		84B7C0012B18B0790085E8EF /* Model */ = {
			isa = PBXGroup;
			children = (
				84B7C0022B18B0920085E8EF /* Tracker.swift */,
				84B7C0042B18B0C50085E8EF /* TrackerCategory.swift */,
				84B7C0062B18B0CF0085E8EF /* TrackerRecord.swift */,
			);
			path = Model;
			sourceTree = "<group>";
		};
		84ECE5B62B98F42900399667 /* Filters */ = {
			isa = PBXGroup;
			children = (
				84ECE5B42B98F42200399667 /* FiltersViewController.swift */,
				84ECE5B72B98F4C100399667 /* FiltersTableViewCell.swift */,
			);
			path = Filters;
			sourceTree = "<group>";
		};
		84ECE5CD2B9B5E5B00399667 /* Frameworks */ = {
			isa = PBXGroup;
			children = (
				84ECE5D02B9B5FEF00399667 /* XCTest.framework */,
				2BB21DED13C393A9A3B4C03A /* Pods_Tracker.framework */,
				E18C2592C47A83E1183DE59B /* Pods_TrackerTests.framework */,
			);
			name = Frameworks;
			sourceTree = "<group>";
		};
		84ECE5E12B9B65F500399667 /* TrackerTests */ = {
			isa = PBXGroup;
			children = (
				84ECE5E22B9B65F500399667 /* TrackerTests.swift */,
			);
			path = TrackerTests;
			sourceTree = "<group>";
		};
		9F15367405A8E0483D1D651D /* Pods */ = {
			isa = PBXGroup;
			children = (
				EDDB71EC5CE2105B8C340B0B /* Pods-Tracker.debug.xcconfig */,
				99D00904E0884A7A0DF6DBE9 /* Pods-Tracker.release.xcconfig */,
				975BB226B8B0F8BE4B3FAD86 /* Pods-TrackerTests.debug.xcconfig */,
				18FCC9D9D53A0CB9E2AD54D3 /* Pods-TrackerTests.release.xcconfig */,
			);
			path = Pods;
			sourceTree = "<group>";
		};
/* End PBXGroup section */

/* Begin PBXNativeTarget section */
		84B7BF5A2B1620F80085E8EF /* Tracker */ = {
			isa = PBXNativeTarget;
			buildConfigurationList = 84B7BF6F2B1620FA0085E8EF /* Build configuration list for PBXNativeTarget "Tracker" */;
			buildPhases = (
				F76ECB3D706377806D51334B /* [CP] Check Pods Manifest.lock */,
				84B7BF572B1620F80085E8EF /* Sources */,
				84B7BF582B1620F80085E8EF /* Frameworks */,
				84B7BF592B1620F80085E8EF /* Resources */,
				CDF1CB7CBAF89DBCA37A4055 /* [CP] Embed Pods Frameworks */,
			);
			buildRules = (
			);
			dependencies = (
			);
			name = Tracker;
			productName = Tracker;
			productReference = 84B7BF5B2B1620F80085E8EF /* Tracker.app */;
			productType = "com.apple.product-type.application";
		};
		84ECE5DF2B9B65F500399667 /* TrackerTests */ = {
			isa = PBXNativeTarget;
			buildConfigurationList = 84ECE5E62B9B65F500399667 /* Build configuration list for PBXNativeTarget "TrackerTests" */;
			buildPhases = (
				17B7979821538C69A955071C /* [CP] Check Pods Manifest.lock */,
				84ECE5DC2B9B65F500399667 /* Sources */,
				84ECE5DD2B9B65F500399667 /* Frameworks */,
				84ECE5DE2B9B65F500399667 /* Resources */,
			);
			buildRules = (
			);
			dependencies = (
				84ECE5E52B9B65F500399667 /* PBXTargetDependency */,
			);
			name = TrackerTests;
			packageProductDependencies = (
				84ECE5E92B9B65FA00399667 /* SnapshotTesting */,
			);
			productName = TrackerTests;
			productReference = 84ECE5E02B9B65F500399667 /* TrackerTests.xctest */;
			productType = "com.apple.product-type.bundle.unit-test";
		};
/* End PBXNativeTarget section */

/* Begin PBXProject section */
		84B7BF532B1620F80085E8EF /* Project object */ = {
			isa = PBXProject;
			attributes = {
				BuildIndependentTargetsInParallel = 1;
				LastSwiftUpdateCheck = 1500;
				LastUpgradeCheck = 1500;
				TargetAttributes = {
					84B7BF5A2B1620F80085E8EF = {
						CreatedOnToolsVersion = 15.0.1;
					};
					84ECE5DF2B9B65F500399667 = {
						CreatedOnToolsVersion = 15.0.1;
						TestTargetID = 84B7BF5A2B1620F80085E8EF;
					};
				};
			};
			buildConfigurationList = 84B7BF562B1620F80085E8EF /* Build configuration list for PBXProject "Tracker" */;
			compatibilityVersion = "Xcode 14.0";
			developmentRegion = en;
			hasScannedForEncodings = 0;
			knownRegions = (
				en,
				Base,
				ru,
				de,
			);
			mainGroup = 84B7BF522B1620F80085E8EF;
			packageReferences = (
				84ECE5BB2B9B5DCD00399667 /* XCRemoteSwiftPackageReference "swift-snapshot-testing" */,
			);
			productRefGroup = 84B7BF5C2B1620F80085E8EF /* Products */;
			projectDirPath = "";
			projectRoot = "";
			targets = (
				84B7BF5A2B1620F80085E8EF /* Tracker */,
				84ECE5DF2B9B65F500399667 /* TrackerTests */,
			);
		};
/* End PBXProject section */

/* Begin PBXResourcesBuildPhase section */
		84B7BF592B1620F80085E8EF /* Resources */ = {
			isa = PBXResourcesBuildPhase;
			buildActionMask = 2147483647;
			files = (
				84B7BF6B2B1620FA0085E8EF /* LaunchScreen.storyboard in Resources */,
				842DE90F2B91DD4600D5DBBF /* Localizable.stringsdict in Resources */,
				842DE9082B90FBC300D5DBBF /* Localizable.strings in Resources */,
				84B7BF682B1620FA0085E8EF /* Assets.xcassets in Resources */,
			);
			runOnlyForDeploymentPostprocessing = 0;
		};
		84ECE5DE2B9B65F500399667 /* Resources */ = {
			isa = PBXResourcesBuildPhase;
			buildActionMask = 2147483647;
			files = (
			);
			runOnlyForDeploymentPostprocessing = 0;
		};
/* End PBXResourcesBuildPhase section */

/* Begin PBXShellScriptBuildPhase section */
		17B7979821538C69A955071C /* [CP] Check Pods Manifest.lock */ = {
			isa = PBXShellScriptBuildPhase;
			buildActionMask = 2147483647;
			files = (
			);
			inputFileListPaths = (
			);
			inputPaths = (
				"${PODS_PODFILE_DIR_PATH}/Podfile.lock",
				"${PODS_ROOT}/Manifest.lock",
			);
			name = "[CP] Check Pods Manifest.lock";
			outputFileListPaths = (
			);
			outputPaths = (
				"$(DERIVED_FILE_DIR)/Pods-TrackerTests-checkManifestLockResult.txt",
			);
			runOnlyForDeploymentPostprocessing = 0;
			shellPath = /bin/sh;
			shellScript = "diff \"${PODS_PODFILE_DIR_PATH}/Podfile.lock\" \"${PODS_ROOT}/Manifest.lock\" > /dev/null\nif [ $? != 0 ] ; then\n    # print error to STDERR\n    echo \"error: The sandbox is not in sync with the Podfile.lock. Run 'pod install' or update your CocoaPods installation.\" >&2\n    exit 1\nfi\n# This output is used by Xcode 'outputs' to avoid re-running this script phase.\necho \"SUCCESS\" > \"${SCRIPT_OUTPUT_FILE_0}\"\n";
			showEnvVarsInLog = 0;
		};
		CDF1CB7CBAF89DBCA37A4055 /* [CP] Embed Pods Frameworks */ = {
			isa = PBXShellScriptBuildPhase;
			buildActionMask = 2147483647;
			files = (
			);
			inputFileListPaths = (
				"${PODS_ROOT}/Target Support Files/Pods-Tracker/Pods-Tracker-frameworks-${CONFIGURATION}-input-files.xcfilelist",
			);
			name = "[CP] Embed Pods Frameworks";
			outputFileListPaths = (
				"${PODS_ROOT}/Target Support Files/Pods-Tracker/Pods-Tracker-frameworks-${CONFIGURATION}-output-files.xcfilelist",
			);
			runOnlyForDeploymentPostprocessing = 0;
			shellPath = /bin/sh;
			shellScript = "\"${PODS_ROOT}/Target Support Files/Pods-Tracker/Pods-Tracker-frameworks.sh\"\n";
			showEnvVarsInLog = 0;
		};
		F76ECB3D706377806D51334B /* [CP] Check Pods Manifest.lock */ = {
			isa = PBXShellScriptBuildPhase;
			buildActionMask = 2147483647;
			files = (
			);
			inputFileListPaths = (
			);
			inputPaths = (
				"${PODS_PODFILE_DIR_PATH}/Podfile.lock",
				"${PODS_ROOT}/Manifest.lock",
			);
			name = "[CP] Check Pods Manifest.lock";
			outputFileListPaths = (
			);
			outputPaths = (
				"$(DERIVED_FILE_DIR)/Pods-Tracker-checkManifestLockResult.txt",
			);
			runOnlyForDeploymentPostprocessing = 0;
			shellPath = /bin/sh;
			shellScript = "diff \"${PODS_PODFILE_DIR_PATH}/Podfile.lock\" \"${PODS_ROOT}/Manifest.lock\" > /dev/null\nif [ $? != 0 ] ; then\n    # print error to STDERR\n    echo \"error: The sandbox is not in sync with the Podfile.lock. Run 'pod install' or update your CocoaPods installation.\" >&2\n    exit 1\nfi\n# This output is used by Xcode 'outputs' to avoid re-running this script phase.\necho \"SUCCESS\" > \"${SCRIPT_OUTPUT_FILE_0}\"\n";
			showEnvVarsInLog = 0;
		};
/* End PBXShellScriptBuildPhase section */

/* Begin PBXSourcesBuildPhase section */
		84B7BF572B1620F80085E8EF /* Sources */ = {
			isa = PBXSourcesBuildPhase;
			buildActionMask = 2147483647;
			files = (
				846812482B32DCB600E52E53 /* ScheduleViewController.swift in Sources */,
				846812812B3EAE2300E52E53 /* CategoryCell.swift in Sources */,
				842DE9142B91EB9900D5DBBF /* WeekDay.swift in Sources */,
				84B7BF632B1620F80085E8EF /* StatisticViewController.swift in Sources */,
				840C4CD42B7F5DE4002E4F75 /* AddCategoryViewController.swift in Sources */,
				84B7BF732B16212C0085E8EF /* TrackerViewController.swift in Sources */,
				84B567722B9DD5D800DD71E9 /* AnaliticService.swift in Sources */,
				840C4CCE2B7CC4B7002E4F75 /* TrackerCoreData+CoreDataProperties.swift in Sources */,
				84B7C0052B18B0C50085E8EF /* TrackerCategory.swift in Sources */,
				8402C97B2B57C20D002F7D10 /* IrregularEmojiCollectionCell.swift in Sources */,
				84B7BF5F2B1620F80085E8EF /* AppDelegate.swift in Sources */,
				846812452B31A18E00E52E53 /* HabitTableCell.swift in Sources */,
				8402C9772B555983002F7D10 /* IrregularCollectionCell.swift in Sources */,
				8402C9812B584423002F7D10 /* HabitCollectionEmojiHeaderCell.swift in Sources */,
				846812832B445F1600E52E53 /* HabitCollectionColorCell.swift in Sources */,
				84ABD0D22B617C74005724D7 /* TrackerRecordStore.swift in Sources */,
				8402C9722B4E9C18002F7D10 /* IrregularEventViewController.swift in Sources */,
				840C4CCC2B7CC4B7002E4F75 /* TrackerRecordCoreData+CoreDataProperties.swift in Sources */,
				8402C9752B555835002F7D10 /* IrregularTableCell.swift in Sources */,
				84D58AE02B5D8864001FD0E2 /* TrackerDataModel.xcdatamodeld in Sources */,
				84ABD0CE2B617C5B005724D7 /* TrackerStore.swift in Sources */,
				84B7BF772B16219A0085E8EF /* UicolorExtension.swift in Sources */,
				84ECE5B52B98F42200399667 /* FiltersViewController.swift in Sources */,
				841CCF7E2B871E5B003A5A98 /* OnboardingViewController.swift in Sources */,
				846812372B2B224C00E52E53 /* TrackerCell.swift in Sources */,
				842DE8892B8CA22A00D5DBBF /* CategoryViewModel.swift in Sources */,
				84B7C0072B18B0CF0085E8EF /* TrackerRecord.swift in Sources */,
				840C4CCA2B7CC4B7002E4F75 /* TrackerCategoryCoreData+CoreDataProperties.swift in Sources */,
				84B7BF752B1621630085E8EF /* TabBarController.swift in Sources */,
				8402C97F2B5843D5002F7D10 /* HabitCollectionEmojiCell.swift in Sources */,
				8468124A2B32DE5900E52E53 /* ScheduleCell.swift in Sources */,
				84BF06A82B278DAE00C235CD /* SelectTrackerTypeController.swift in Sources */,
				84ECE5BA2B9A2DA100399667 /* Colors.swift in Sources */,
				84B7BF612B1620F80085E8EF /* SceneDelegate.swift in Sources */,
				84B7C0032B18B0920085E8EF /* Tracker.swift in Sources */,
				84ECE5B82B98F4C100399667 /* FiltersTableViewCell.swift in Sources */,
				840C4C8C2B78E633002E4F75 /* UIColorMarshalling.swift in Sources */,
				84ABD0D02B617C69005724D7 /* TrackerCategoryStore.swift in Sources */,
				8468123A2B2CD59400E52E53 /* TrackerHeaderCell.swift in Sources */,
				8468127F2B3EAE0400E52E53 /* CategoryViewController.swift in Sources */,
				846812402B3189B500E52E53 /* HabitCreateViewController.swift in Sources */,
				8402C97D2B57E077002F7D10 /* IrregularEmojiCollectionHeaderCell.swift in Sources */,
				846812852B44630800E52E53 /* HabitCollectionHeaderCell.swift in Sources */,
				8402C9792B555ABB002F7D10 /* IrregularColorCollectionHeaderCell.swift in Sources */,
			);
			runOnlyForDeploymentPostprocessing = 0;
		};
		84ECE5DC2B9B65F500399667 /* Sources */ = {
			isa = PBXSourcesBuildPhase;
			buildActionMask = 2147483647;
			files = (
				84ECE5E32B9B65F500399667 /* TrackerTests.swift in Sources */,
			);
			runOnlyForDeploymentPostprocessing = 0;
		};
/* End PBXSourcesBuildPhase section */

/* Begin PBXTargetDependency section */
		84ECE5E52B9B65F500399667 /* PBXTargetDependency */ = {
			isa = PBXTargetDependency;
			target = 84B7BF5A2B1620F80085E8EF /* Tracker */;
			targetProxy = 84ECE5E42B9B65F500399667 /* PBXContainerItemProxy */;
		};
/* End PBXTargetDependency section */

/* Begin PBXVariantGroup section */
		842DE90A2B90FBC300D5DBBF /* Localizable.strings */ = {
			isa = PBXVariantGroup;
			children = (
				842DE9092B90FBC300D5DBBF /* en */,
				842DE90B2B90FBD700D5DBBF /* ru */,
				842DE90C2B90FBE600D5DBBF /* de */,
			);
			name = Localizable.strings;
			sourceTree = "<group>";
		};
		842DE9112B91DD4600D5DBBF /* Localizable.stringsdict */ = {
			isa = PBXVariantGroup;
			children = (
				842DE9102B91DD4600D5DBBF /* en */,
				842DE9122B91DD4700D5DBBF /* ru */,
			);
			name = Localizable.stringsdict;
			sourceTree = "<group>";
		};
		84B7BF692B1620FA0085E8EF /* LaunchScreen.storyboard */ = {
			isa = PBXVariantGroup;
			children = (
				84B7BF6A2B1620FA0085E8EF /* Base */,
			);
			name = LaunchScreen.storyboard;
			sourceTree = "<group>";
		};
/* End PBXVariantGroup section */

/* Begin XCBuildConfiguration section */
		84B7BF6D2B1620FA0085E8EF /* Debug */ = {
			isa = XCBuildConfiguration;
			buildSettings = {
				ALWAYS_SEARCH_USER_PATHS = NO;
				ASSETCATALOG_COMPILER_GENERATE_SWIFT_ASSET_SYMBOL_EXTENSIONS = YES;
				CLANG_ANALYZER_LOCALIZABILITY_NONLOCALIZED = YES;
				CLANG_ANALYZER_NONNULL = YES;
				CLANG_ANALYZER_NUMBER_OBJECT_CONVERSION = YES_AGGRESSIVE;
				CLANG_CXX_LANGUAGE_STANDARD = "gnu++20";
				CLANG_ENABLE_MODULES = YES;
				CLANG_ENABLE_OBJC_ARC = YES;
				CLANG_ENABLE_OBJC_WEAK = YES;
				CLANG_WARN_BLOCK_CAPTURE_AUTORELEASING = YES;
				CLANG_WARN_BOOL_CONVERSION = YES;
				CLANG_WARN_COMMA = YES;
				CLANG_WARN_CONSTANT_CONVERSION = YES;
				CLANG_WARN_DEPRECATED_OBJC_IMPLEMENTATIONS = YES;
				CLANG_WARN_DIRECT_OBJC_ISA_USAGE = YES_ERROR;
				CLANG_WARN_DOCUMENTATION_COMMENTS = YES;
				CLANG_WARN_EMPTY_BODY = YES;
				CLANG_WARN_ENUM_CONVERSION = YES;
				CLANG_WARN_INFINITE_RECURSION = YES;
				CLANG_WARN_INT_CONVERSION = YES;
				CLANG_WARN_NON_LITERAL_NULL_CONVERSION = YES;
				CLANG_WARN_OBJC_IMPLICIT_RETAIN_SELF = YES;
				CLANG_WARN_OBJC_LITERAL_CONVERSION = YES;
				CLANG_WARN_OBJC_ROOT_CLASS = YES_ERROR;
				CLANG_WARN_QUOTED_INCLUDE_IN_FRAMEWORK_HEADER = YES;
				CLANG_WARN_RANGE_LOOP_ANALYSIS = YES;
				CLANG_WARN_STRICT_PROTOTYPES = YES;
				CLANG_WARN_SUSPICIOUS_MOVE = YES;
				CLANG_WARN_UNGUARDED_AVAILABILITY = YES_AGGRESSIVE;
				CLANG_WARN_UNREACHABLE_CODE = YES;
				CLANG_WARN__DUPLICATE_METHOD_MATCH = YES;
				COPY_PHASE_STRIP = NO;
				DEBUG_INFORMATION_FORMAT = dwarf;
				ENABLE_STRICT_OBJC_MSGSEND = YES;
				ENABLE_TESTABILITY = YES;
				ENABLE_USER_SCRIPT_SANDBOXING = NO;
				GCC_C_LANGUAGE_STANDARD = gnu17;
				GCC_DYNAMIC_NO_PIC = NO;
				GCC_NO_COMMON_BLOCKS = YES;
				GCC_OPTIMIZATION_LEVEL = 0;
				GCC_PREPROCESSOR_DEFINITIONS = (
					"DEBUG=1",
					"$(inherited)",
				);
				GCC_WARN_64_TO_32_BIT_CONVERSION = YES;
				GCC_WARN_ABOUT_RETURN_TYPE = YES_ERROR;
				GCC_WARN_UNDECLARED_SELECTOR = YES;
				GCC_WARN_UNINITIALIZED_AUTOS = YES_AGGRESSIVE;
				GCC_WARN_UNUSED_FUNCTION = YES;
				GCC_WARN_UNUSED_VARIABLE = YES;
				IPHONEOS_DEPLOYMENT_TARGET = 17.0;
				LOCALIZATION_PREFERS_STRING_CATALOGS = YES;
				MTL_ENABLE_DEBUG_INFO = INCLUDE_SOURCE;
				MTL_FAST_MATH = YES;
				ONLY_ACTIVE_ARCH = YES;
				SDKROOT = iphoneos;
				SWIFT_ACTIVE_COMPILATION_CONDITIONS = "DEBUG $(inherited)";
				SWIFT_OPTIMIZATION_LEVEL = "-Onone";
			};
			name = Debug;
		};
		84B7BF6E2B1620FA0085E8EF /* Release */ = {
			isa = XCBuildConfiguration;
			buildSettings = {
				ALWAYS_SEARCH_USER_PATHS = NO;
				ASSETCATALOG_COMPILER_GENERATE_SWIFT_ASSET_SYMBOL_EXTENSIONS = YES;
				CLANG_ANALYZER_LOCALIZABILITY_NONLOCALIZED = YES;
				CLANG_ANALYZER_NONNULL = YES;
				CLANG_ANALYZER_NUMBER_OBJECT_CONVERSION = YES_AGGRESSIVE;
				CLANG_CXX_LANGUAGE_STANDARD = "gnu++20";
				CLANG_ENABLE_MODULES = YES;
				CLANG_ENABLE_OBJC_ARC = YES;
				CLANG_ENABLE_OBJC_WEAK = YES;
				CLANG_WARN_BLOCK_CAPTURE_AUTORELEASING = YES;
				CLANG_WARN_BOOL_CONVERSION = YES;
				CLANG_WARN_COMMA = YES;
				CLANG_WARN_CONSTANT_CONVERSION = YES;
				CLANG_WARN_DEPRECATED_OBJC_IMPLEMENTATIONS = YES;
				CLANG_WARN_DIRECT_OBJC_ISA_USAGE = YES_ERROR;
				CLANG_WARN_DOCUMENTATION_COMMENTS = YES;
				CLANG_WARN_EMPTY_BODY = YES;
				CLANG_WARN_ENUM_CONVERSION = YES;
				CLANG_WARN_INFINITE_RECURSION = YES;
				CLANG_WARN_INT_CONVERSION = YES;
				CLANG_WARN_NON_LITERAL_NULL_CONVERSION = YES;
				CLANG_WARN_OBJC_IMPLICIT_RETAIN_SELF = YES;
				CLANG_WARN_OBJC_LITERAL_CONVERSION = YES;
				CLANG_WARN_OBJC_ROOT_CLASS = YES_ERROR;
				CLANG_WARN_QUOTED_INCLUDE_IN_FRAMEWORK_HEADER = YES;
				CLANG_WARN_RANGE_LOOP_ANALYSIS = YES;
				CLANG_WARN_STRICT_PROTOTYPES = YES;
				CLANG_WARN_SUSPICIOUS_MOVE = YES;
				CLANG_WARN_UNGUARDED_AVAILABILITY = YES_AGGRESSIVE;
				CLANG_WARN_UNREACHABLE_CODE = YES;
				CLANG_WARN__DUPLICATE_METHOD_MATCH = YES;
				COPY_PHASE_STRIP = NO;
				DEBUG_INFORMATION_FORMAT = "dwarf-with-dsym";
				ENABLE_NS_ASSERTIONS = NO;
				ENABLE_STRICT_OBJC_MSGSEND = YES;
				ENABLE_USER_SCRIPT_SANDBOXING = NO;
				GCC_C_LANGUAGE_STANDARD = gnu17;
				GCC_NO_COMMON_BLOCKS = YES;
				GCC_WARN_64_TO_32_BIT_CONVERSION = YES;
				GCC_WARN_ABOUT_RETURN_TYPE = YES_ERROR;
				GCC_WARN_UNDECLARED_SELECTOR = YES;
				GCC_WARN_UNINITIALIZED_AUTOS = YES_AGGRESSIVE;
				GCC_WARN_UNUSED_FUNCTION = YES;
				GCC_WARN_UNUSED_VARIABLE = YES;
				IPHONEOS_DEPLOYMENT_TARGET = 17.0;
				LOCALIZATION_PREFERS_STRING_CATALOGS = YES;
				MTL_ENABLE_DEBUG_INFO = NO;
				MTL_FAST_MATH = YES;
				SDKROOT = iphoneos;
				SWIFT_COMPILATION_MODE = wholemodule;
				VALIDATE_PRODUCT = YES;
			};
			name = Release;
		};
		84B7BF702B1620FA0085E8EF /* Debug */ = {
			isa = XCBuildConfiguration;
			baseConfigurationReference = EDDB71EC5CE2105B8C340B0B /* Pods-Tracker.debug.xcconfig */;
			buildSettings = {
				ASSETCATALOG_COMPILER_APPICON_NAME = AppIcon;
				ASSETCATALOG_COMPILER_GLOBAL_ACCENT_COLOR_NAME = AccentColor;
				CODE_SIGN_STYLE = Automatic;
				CURRENT_PROJECT_VERSION = 1;
				DEVELOPMENT_TEAM = U423669TKH;
				GENERATE_INFOPLIST_FILE = YES;
				INFOPLIST_FILE = Tracker/Info.plist;
				INFOPLIST_KEY_UIApplicationSupportsIndirectInputEvents = YES;
				INFOPLIST_KEY_UILaunchStoryboardName = LaunchScreen;
				INFOPLIST_KEY_UISupportedInterfaceOrientations = UIInterfaceOrientationPortrait;
				INFOPLIST_KEY_UISupportedInterfaceOrientations_iPad = "UIInterfaceOrientationLandscapeLeft UIInterfaceOrientationLandscapeRight UIInterfaceOrientationPortrait UIInterfaceOrientationPortraitUpsideDown";
				IPHONEOS_DEPLOYMENT_TARGET = 13.4;
				LD_RUNPATH_SEARCH_PATHS = (
					"$(inherited)",
					"@executable_path/Frameworks",
				);
				MARKETING_VERSION = 1.0;
				PRODUCT_BUNDLE_IDENTIFIER = sv.Tracker;
				PRODUCT_NAME = "$(TARGET_NAME)";
				SUPPORTED_PLATFORMS = "iphoneos iphonesimulator";
				SUPPORTS_MACCATALYST = NO;
				SUPPORTS_MAC_DESIGNED_FOR_IPHONE_IPAD = NO;
				SWIFT_EMIT_LOC_STRINGS = YES;
				SWIFT_VERSION = 5.0;
				TARGETED_DEVICE_FAMILY = 1;
			};
			name = Debug;
		};
		84B7BF712B1620FA0085E8EF /* Release */ = {
			isa = XCBuildConfiguration;
			baseConfigurationReference = 99D00904E0884A7A0DF6DBE9 /* Pods-Tracker.release.xcconfig */;
			buildSettings = {
				ASSETCATALOG_COMPILER_APPICON_NAME = AppIcon;
				ASSETCATALOG_COMPILER_GLOBAL_ACCENT_COLOR_NAME = AccentColor;
				CODE_SIGN_STYLE = Automatic;
				CURRENT_PROJECT_VERSION = 1;
				DEVELOPMENT_TEAM = U423669TKH;
				GENERATE_INFOPLIST_FILE = YES;
				INFOPLIST_FILE = Tracker/Info.plist;
				INFOPLIST_KEY_UIApplicationSupportsIndirectInputEvents = YES;
				INFOPLIST_KEY_UILaunchStoryboardName = LaunchScreen;
				INFOPLIST_KEY_UISupportedInterfaceOrientations = UIInterfaceOrientationPortrait;
				INFOPLIST_KEY_UISupportedInterfaceOrientations_iPad = "UIInterfaceOrientationLandscapeLeft UIInterfaceOrientationLandscapeRight UIInterfaceOrientationPortrait UIInterfaceOrientationPortraitUpsideDown";
				IPHONEOS_DEPLOYMENT_TARGET = 13.4;
				LD_RUNPATH_SEARCH_PATHS = (
					"$(inherited)",
					"@executable_path/Frameworks",
				);
				MARKETING_VERSION = 1.0;
				PRODUCT_BUNDLE_IDENTIFIER = sv.Tracker;
				PRODUCT_NAME = "$(TARGET_NAME)";
				SUPPORTED_PLATFORMS = "iphoneos iphonesimulator";
				SUPPORTS_MACCATALYST = NO;
				SUPPORTS_MAC_DESIGNED_FOR_IPHONE_IPAD = NO;
				SWIFT_EMIT_LOC_STRINGS = YES;
				SWIFT_VERSION = 5.0;
				TARGETED_DEVICE_FAMILY = 1;
			};
			name = Release;
		};
		84ECE5E72B9B65F500399667 /* Debug */ = {
			isa = XCBuildConfiguration;
			baseConfigurationReference = 975BB226B8B0F8BE4B3FAD86 /* Pods-TrackerTests.debug.xcconfig */;
			buildSettings = {
				BUNDLE_LOADER = "$(TEST_HOST)";
				CODE_SIGN_STYLE = Automatic;
				CURRENT_PROJECT_VERSION = 1;
				DEVELOPMENT_TEAM = U423669TKH;
				GENERATE_INFOPLIST_FILE = YES;
				MARKETING_VERSION = 1.0;
				PRODUCT_BUNDLE_IDENTIFIER = sv.TrackerTests;
				PRODUCT_NAME = "$(TARGET_NAME)";
				SWIFT_EMIT_LOC_STRINGS = NO;
				SWIFT_VERSION = 5.0;
				TARGETED_DEVICE_FAMILY = "1,2";
				TEST_HOST = "$(BUILT_PRODUCTS_DIR)/Tracker.app/$(BUNDLE_EXECUTABLE_FOLDER_PATH)/Tracker";
			};
			name = Debug;
		};
		84ECE5E82B9B65F500399667 /* Release */ = {
			isa = XCBuildConfiguration;
			baseConfigurationReference = 18FCC9D9D53A0CB9E2AD54D3 /* Pods-TrackerTests.release.xcconfig */;
			buildSettings = {
				BUNDLE_LOADER = "$(TEST_HOST)";
				CODE_SIGN_STYLE = Automatic;
				CURRENT_PROJECT_VERSION = 1;
				DEVELOPMENT_TEAM = U423669TKH;
				GENERATE_INFOPLIST_FILE = YES;
				MARKETING_VERSION = 1.0;
				PRODUCT_BUNDLE_IDENTIFIER = sv.TrackerTests;
				PRODUCT_NAME = "$(TARGET_NAME)";
				SWIFT_EMIT_LOC_STRINGS = NO;
				SWIFT_VERSION = 5.0;
				TARGETED_DEVICE_FAMILY = "1,2";
				TEST_HOST = "$(BUILT_PRODUCTS_DIR)/Tracker.app/$(BUNDLE_EXECUTABLE_FOLDER_PATH)/Tracker";
			};
			name = Release;
		};
/* End XCBuildConfiguration section */

/* Begin XCConfigurationList section */
		84B7BF562B1620F80085E8EF /* Build configuration list for PBXProject "Tracker" */ = {
			isa = XCConfigurationList;
			buildConfigurations = (
				84B7BF6D2B1620FA0085E8EF /* Debug */,
				84B7BF6E2B1620FA0085E8EF /* Release */,
			);
			defaultConfigurationIsVisible = 0;
			defaultConfigurationName = Release;
		};
		84B7BF6F2B1620FA0085E8EF /* Build configuration list for PBXNativeTarget "Tracker" */ = {
			isa = XCConfigurationList;
			buildConfigurations = (
				84B7BF702B1620FA0085E8EF /* Debug */,
				84B7BF712B1620FA0085E8EF /* Release */,
			);
			defaultConfigurationIsVisible = 0;
			defaultConfigurationName = Release;
		};
		84ECE5E62B9B65F500399667 /* Build configuration list for PBXNativeTarget "TrackerTests" */ = {
			isa = XCConfigurationList;
			buildConfigurations = (
				84ECE5E72B9B65F500399667 /* Debug */,
				84ECE5E82B9B65F500399667 /* Release */,
			);
			defaultConfigurationIsVisible = 0;
			defaultConfigurationName = Release;
		};
/* End XCConfigurationList section */

/* Begin XCRemoteSwiftPackageReference section */
		84ECE5BB2B9B5DCD00399667 /* XCRemoteSwiftPackageReference "swift-snapshot-testing" */ = {
			isa = XCRemoteSwiftPackageReference;
			repositoryURL = "https://github.com/pointfreeco/swift-snapshot-testing";
			requirement = {
				kind = exactVersion;
				version = 1.15.4;
			};
		};
/* End XCRemoteSwiftPackageReference section */

/* Begin XCSwiftPackageProductDependency section */
		84ECE5E92B9B65FA00399667 /* SnapshotTesting */ = {
			isa = XCSwiftPackageProductDependency;
			package = 84ECE5BB2B9B5DCD00399667 /* XCRemoteSwiftPackageReference "swift-snapshot-testing" */;
			productName = SnapshotTesting;
		};
/* End XCSwiftPackageProductDependency section */

/* Begin XCVersionGroup section */
		84D58ADE2B5D8864001FD0E2 /* TrackerDataModel.xcdatamodeld */ = {
			isa = XCVersionGroup;
			children = (
				84D58ADF2B5D8864001FD0E2 /* TrackerDataModel.xcdatamodel */,
			);
			currentVersion = 84D58ADF2B5D8864001FD0E2 /* TrackerDataModel.xcdatamodel */;
			path = TrackerDataModel.xcdatamodeld;
			sourceTree = "<group>";
			versionGroupType = wrapper.xcdatamodel;
		};
/* End XCVersionGroup section */
	};
	rootObject = 84B7BF532B1620F80085E8EF /* Project object */;
}
